{
  "lockfileVersion": 1,
  "workspaces": {
    "": {
      "dependencies": {
        "pinata": "^2.4.9",
      },
    },
  },
  "packages": {
    "pinata": ["pinata@2.4.9", "", { "peerDependencies": { "react": ">=16.8.0", "react-dom": ">=16.8.0" }, "optionalPeers": ["react", "react-dom"] }, "sha512-94fMvBJXnFgDyZkYRd7SCaXsHZERtDAjIcPIpYlUXAorv77xav3UMU0fipX/EKZwl3Uv8P7Mbul12KdbqpLRdA=="],
  }
}
